// !$*UTF8*$!
{
	archiveVersion = 1;
	classes = {
	};
	objectVersion = 56;
	objects = {

/* Begin PBXBuildFile section */
		1459BCAD2BC98D6C004A5DBE /* XIBObjCClassGenerator.m in Sources */ = {isa = PBXBuildFile; fileRef = 1459BCAC2BC98D6C004A5DBE /* XIBObjCClassGenerator.m */; };
		1459BCB02BC98EE7004A5DBE /* XIBClassGenerator.m in Sources */ = {isa = PBXBuildFile; fileRef = 1459BCAF2BC98EE7004A5DBE /* XIBClassGenerator.m */; };
		147BF18E2BB8D3890020F0D8 /* main.m in Sources */ = {isa = PBXBuildFile; fileRef = 147BF18D2BB8D3890020F0D8 /* main.m */; };
		14E3182F2BC6C567003EEBB1 /* AppKit.framework in Frameworks */ = {isa = PBXBuildFile; fileRef = 14E3182E2BC6C567003EEBB1 /* AppKit.framework */; };
		14F729472BBD2D07007704BC /* XIBParser.m in Sources */ = {isa = PBXBuildFile; fileRef = 14F729462BBD2D07007704BC /* XIBParser.m */; };
		14F7294A2BBDDC48007704BC /* XIBAbstractCodeGenerator.m in Sources */ = {isa = PBXBuildFile; fileRef = 14F729492BBDDC48007704BC /* XIBAbstractCodeGenerator.m */; };
		14F7294D2BBDDCB8007704BC /* NSString+Additions.m in Sources */ = {isa = PBXBuildFile; fileRef = 14F7294C2BBDDCB8007704BC /* NSString+Additions.m */; };
		14F729502BBDDD65007704BC /* XIBCustomObject.m in Sources */ = {isa = PBXBuildFile; fileRef = 14F7294F2BBDDD65007704BC /* XIBCustomObject.m */; };
		14F729532BBDF2EF007704BC /* XIBObjCCodeBuilder.m in Sources */ = {isa = PBXBuildFile; fileRef = 14F729522BBDF2EF007704BC /* XIBObjCCodeBuilder.m */; };
		14F729562BBE8902007704BC /* XIBObjCClassBuilder.m in Sources */ = {isa = PBXBuildFile; fileRef = 14F729552BBE8902007704BC /* XIBObjCClassBuilder.m */; };
		14F729592BBE8937007704BC /* XIBAbstractBuilder.m in Sources */ = {isa = PBXBuildFile; fileRef = 14F729582BBE8937007704BC /* XIBAbstractBuilder.m */; };
		14F7295C2BBE9D29007704BC /* XIBObjCAccessorBuilder.m in Sources */ = {isa = PBXBuildFile; fileRef = 14F7295B2BBE9D29007704BC /* XIBObjCAccessorBuilder.m */; };
/* End PBXBuildFile section */

/* Begin PBXCopyFilesBuildPhase section */
		147BF1882BB8D3890020F0D8 /* CopyFiles */ = {
			isa = PBXCopyFilesBuildPhase;
			buildActionMask = 2147483647;
			dstPath = /usr/share/man/man1/;
			dstSubfolderSpec = 0;
			files = (
			);
			runOnlyForDeploymentPostprocessing = 1;
		};
/* End PBXCopyFilesBuildPhase section */

/* Begin PBXFileReference section */
		1459BCAB2BC98D6C004A5DBE /* XIBObjCClassGenerator.h */ = {isa = PBXFileReference; lastKnownFileType = sourcecode.c.h; path = XIBObjCClassGenerator.h; sourceTree = "<group>"; };
		1459BCAC2BC98D6C004A5DBE /* XIBObjCClassGenerator.m */ = {isa = PBXFileReference; lastKnownFileType = sourcecode.c.objc; path = XIBObjCClassGenerator.m; sourceTree = "<group>"; };
		1459BCAE2BC98EE7004A5DBE /* XIBClassGenerator.h */ = {isa = PBXFileReference; lastKnownFileType = sourcecode.c.h; path = XIBClassGenerator.h; sourceTree = "<group>"; };
		1459BCAF2BC98EE7004A5DBE /* XIBClassGenerator.m */ = {isa = PBXFileReference; lastKnownFileType = sourcecode.c.objc; path = XIBClassGenerator.m; sourceTree = "<group>"; };
		147BF18A2BB8D3890020F0D8 /* xib2coder */ = {isa = PBXFileReference; explicitFileType = "compiled.mach-o.executable"; includeInIndex = 0; path = xib2coder; sourceTree = BUILT_PRODUCTS_DIR; };
		147BF18D2BB8D3890020F0D8 /* main.m */ = {isa = PBXFileReference; lastKnownFileType = sourcecode.c.objc; path = main.m; sourceTree = "<group>"; };
		14E3182E2BC6C567003EEBB1 /* AppKit.framework */ = {isa = PBXFileReference; lastKnownFileType = wrapper.framework; name = AppKit.framework; path = System/Library/Frameworks/AppKit.framework; sourceTree = SDKROOT; };
		14F729452BBD2D07007704BC /* XIBParser.h */ = {isa = PBXFileReference; lastKnownFileType = sourcecode.c.h; path = XIBParser.h; sourceTree = "<group>"; };
		14F729462BBD2D07007704BC /* XIBParser.m */ = {isa = PBXFileReference; lastKnownFileType = sourcecode.c.objc; path = XIBParser.m; sourceTree = "<group>"; };
		14F729482BBDDC48007704BC /* XIBAbstractCodeGenerator.h */ = {isa = PBXFileReference; lastKnownFileType = sourcecode.c.h; path = XIBAbstractCodeGenerator.h; sourceTree = "<group>"; };
		14F729492BBDDC48007704BC /* XIBAbstractCodeGenerator.m */ = {isa = PBXFileReference; lastKnownFileType = sourcecode.c.objc; path = XIBAbstractCodeGenerator.m; sourceTree = "<group>"; };
		14F7294B2BBDDCB8007704BC /* NSString+Additions.h */ = {isa = PBXFileReference; lastKnownFileType = sourcecode.c.h; path = "NSString+Additions.h"; sourceTree = "<group>"; };
		14F7294C2BBDDCB8007704BC /* NSString+Additions.m */ = {isa = PBXFileReference; lastKnownFileType = sourcecode.c.objc; path = "NSString+Additions.m"; sourceTree = "<group>"; };
		14F7294E2BBDDD65007704BC /* XIBCustomObject.h */ = {isa = PBXFileReference; lastKnownFileType = sourcecode.c.h; path = XIBCustomObject.h; sourceTree = "<group>"; };
		14F7294F2BBDDD65007704BC /* XIBCustomObject.m */ = {isa = PBXFileReference; lastKnownFileType = sourcecode.c.objc; path = XIBCustomObject.m; sourceTree = "<group>"; };
		14F729512BBDF2EF007704BC /* XIBObjCCodeBuilder.h */ = {isa = PBXFileReference; lastKnownFileType = sourcecode.c.h; path = XIBObjCCodeBuilder.h; sourceTree = "<group>"; };
		14F729522BBDF2EF007704BC /* XIBObjCCodeBuilder.m */ = {isa = PBXFileReference; lastKnownFileType = sourcecode.c.objc; path = XIBObjCCodeBuilder.m; sourceTree = "<group>"; };
		14F729542BBE8902007704BC /* XIBObjCClassBuilder.h */ = {isa = PBXFileReference; lastKnownFileType = sourcecode.c.h; path = XIBObjCClassBuilder.h; sourceTree = "<group>"; };
		14F729552BBE8902007704BC /* XIBObjCClassBuilder.m */ = {isa = PBXFileReference; lastKnownFileType = sourcecode.c.objc; path = XIBObjCClassBuilder.m; sourceTree = "<group>"; };
		14F729572BBE8937007704BC /* XIBAbstractBuilder.h */ = {isa = PBXFileReference; lastKnownFileType = sourcecode.c.h; path = XIBAbstractBuilder.h; sourceTree = "<group>"; };
		14F729582BBE8937007704BC /* XIBAbstractBuilder.m */ = {isa = PBXFileReference; lastKnownFileType = sourcecode.c.objc; path = XIBAbstractBuilder.m; sourceTree = "<group>"; };
		14F7295A2BBE9D29007704BC /* XIBObjCAccessorBuilder.h */ = {isa = PBXFileReference; lastKnownFileType = sourcecode.c.h; path = XIBObjCAccessorBuilder.h; sourceTree = "<group>"; };
		14F7295B2BBE9D29007704BC /* XIBObjCAccessorBuilder.m */ = {isa = PBXFileReference; lastKnownFileType = sourcecode.c.objc; path = XIBObjCAccessorBuilder.m; sourceTree = "<group>"; };
/* End PBXFileReference section */

/* Begin PBXFrameworksBuildPhase section */
		147BF1872BB8D3890020F0D8 /* Frameworks */ = {
			isa = PBXFrameworksBuildPhase;
			buildActionMask = 2147483647;
			files = (
				14E3182F2BC6C567003EEBB1 /* AppKit.framework in Frameworks */,
			);
			runOnlyForDeploymentPostprocessing = 0;
		};
/* End PBXFrameworksBuildPhase section */

/* Begin PBXGroup section */
		1459BCAA2BC98D34004A5DBE /* Generator */ = {
			isa = PBXGroup;
			children = (
				1459BCAB2BC98D6C004A5DBE /* XIBObjCClassGenerator.h */,
				1459BCAC2BC98D6C004A5DBE /* XIBObjCClassGenerator.m */,
				1459BCAE2BC98EE7004A5DBE /* XIBClassGenerator.h */,
				1459BCAF2BC98EE7004A5DBE /* XIBClassGenerator.m */,
			);
			path = Generator;
			sourceTree = "<group>";
		};
		147BF1812BB8D3890020F0D8 = {
			isa = PBXGroup;
			children = (
				147BF18C2BB8D3890020F0D8 /* xib2coder */,
				147BF18B2BB8D3890020F0D8 /* Products */,
				14E3182D2BC6C567003EEBB1 /* Frameworks */,
			);
			sourceTree = "<group>";
		};
		147BF18B2BB8D3890020F0D8 /* Products */ = {
			isa = PBXGroup;
			children = (
				147BF18A2BB8D3890020F0D8 /* xib2coder */,
			);
			name = Products;
			sourceTree = "<group>";
		};
		147BF18C2BB8D3890020F0D8 /* xib2coder */ = {
			isa = PBXGroup;
			children = (
				1459BCAA2BC98D34004A5DBE /* Generator */,
				14F729442BBD2CC3007704BC /* Parser */,
				147BF18D2BB8D3890020F0D8 /* main.m */,
			);
			path = xib2coder;
			sourceTree = "<group>";
		};
		14E3182D2BC6C567003EEBB1 /* Frameworks */ = {
			isa = PBXGroup;
			children = (
				14E3182E2BC6C567003EEBB1 /* AppKit.framework */,
			);
			name = Frameworks;
			sourceTree = "<group>";
		};
		14F729442BBD2CC3007704BC /* Parser */ = {
			isa = PBXGroup;
			children = (
				14F729452BBD2D07007704BC /* XIBParser.h */,
				14F729462BBD2D07007704BC /* XIBParser.m */,
				14F729482BBDDC48007704BC /* XIBAbstractCodeGenerator.h */,
				14F729492BBDDC48007704BC /* XIBAbstractCodeGenerator.m */,
				14F7294B2BBDDCB8007704BC /* NSString+Additions.h */,
				14F7294C2BBDDCB8007704BC /* NSString+Additions.m */,
				14F7294E2BBDDD65007704BC /* XIBCustomObject.h */,
				14F7294F2BBDDD65007704BC /* XIBCustomObject.m */,
				14F729512BBDF2EF007704BC /* XIBObjCCodeBuilder.h */,
				14F729522BBDF2EF007704BC /* XIBObjCCodeBuilder.m */,
				14F729542BBE8902007704BC /* XIBObjCClassBuilder.h */,
				14F729552BBE8902007704BC /* XIBObjCClassBuilder.m */,
				14F729572BBE8937007704BC /* XIBAbstractBuilder.h */,
				14F729582BBE8937007704BC /* XIBAbstractBuilder.m */,
				14F7295A2BBE9D29007704BC /* XIBObjCAccessorBuilder.h */,
				14F7295B2BBE9D29007704BC /* XIBObjCAccessorBuilder.m */,
			);
			path = Parser;
			sourceTree = "<group>";
		};
/* End PBXGroup section */

/* Begin PBXNativeTarget section */
		147BF1892BB8D3890020F0D8 /* xib2coder */ = {
			isa = PBXNativeTarget;
			buildConfigurationList = 147BF1912BB8D3890020F0D8 /* Build configuration list for PBXNativeTarget "xib2coder" */;
			buildPhases = (
				147BF1862BB8D3890020F0D8 /* Sources */,
				147BF1872BB8D3890020F0D8 /* Frameworks */,
				147BF1882BB8D3890020F0D8 /* CopyFiles */,
			);
			buildRules = (
			);
			dependencies = (
			);
			name = xib2coder;
			productName = xib2coder;
			productReference = 147BF18A2BB8D3890020F0D8 /* xib2coder */;
			productType = "com.apple.product-type.tool";
		};
/* End PBXNativeTarget section */

/* Begin PBXProject section */
		147BF1822BB8D3890020F0D8 /* Project object */ = {
			isa = PBXProject;
			attributes = {
				BuildIndependentTargetsInParallel = 1;
				LastUpgradeCheck = 1530;
				TargetAttributes = {
					147BF1892BB8D3890020F0D8 = {
						CreatedOnToolsVersion = 15.3;
					};
				};
			};
			buildConfigurationList = 147BF1852BB8D3890020F0D8 /* Build configuration list for PBXProject "xib2coder" */;
			compatibilityVersion = "Xcode 14.0";
			developmentRegion = en;
			hasScannedForEncodings = 0;
			knownRegions = (
				en,
				Base,
			);
			mainGroup = 147BF1812BB8D3890020F0D8;
			productRefGroup = 147BF18B2BB8D3890020F0D8 /* Products */;
			projectDirPath = "";
			projectRoot = "";
			targets = (
				147BF1892BB8D3890020F0D8 /* xib2coder */,
			);
		};
/* End PBXProject section */

/* Begin PBXSourcesBuildPhase section */
		147BF1862BB8D3890020F0D8 /* Sources */ = {
			isa = PBXSourcesBuildPhase;
			buildActionMask = 2147483647;
			files = (
				14F7295C2BBE9D29007704BC /* XIBObjCAccessorBuilder.m in Sources */,
				14F729502BBDDD65007704BC /* XIBCustomObject.m in Sources */,
				14F729562BBE8902007704BC /* XIBObjCClassBuilder.m in Sources */,
				14F7294A2BBDDC48007704BC /* XIBAbstractCodeGenerator.m in Sources */,
				1459BCAD2BC98D6C004A5DBE /* XIBObjCClassGenerator.m in Sources */,
				14F7294D2BBDDCB8007704BC /* NSString+Additions.m in Sources */,
				14F729472BBD2D07007704BC /* XIBParser.m in Sources */,
				1459BCB02BC98EE7004A5DBE /* XIBClassGenerator.m in Sources */,
				14F729592BBE8937007704BC /* XIBAbstractBuilder.m in Sources */,
				14F729532BBDF2EF007704BC /* XIBObjCCodeBuilder.m in Sources */,
				147BF18E2BB8D3890020F0D8 /* main.m in Sources */,
			);
			runOnlyForDeploymentPostprocessing = 0;
		};
/* End PBXSourcesBuildPhase section */

/* Begin XCBuildConfiguration section */
		147BF18F2BB8D3890020F0D8 /* Debug */ = {
			isa = XCBuildConfiguration;
			buildSettings = {
				ALWAYS_SEARCH_USER_PATHS = NO;
				ASSETCATALOG_COMPILER_GENERATE_SWIFT_ASSET_SYMBOL_EXTENSIONS = YES;
				CLANG_ANALYZER_NONNULL = YES;
				CLANG_ANALYZER_NUMBER_OBJECT_CONVERSION = YES_AGGRESSIVE;
				CLANG_CXX_LANGUAGE_STANDARD = "gnu++20";
				CLANG_ENABLE_MODULES = YES;
				CLANG_ENABLE_OBJC_ARC = YES;
				CLANG_ENABLE_OBJC_WEAK = YES;
				CLANG_WARN_BLOCK_CAPTURE_AUTORELEASING = YES;
				CLANG_WARN_BOOL_CONVERSION = YES;
				CLANG_WARN_COMMA = YES;
				CLANG_WARN_CONSTANT_CONVERSION = YES;
				CLANG_WARN_DEPRECATED_OBJC_IMPLEMENTATIONS = YES;
				CLANG_WARN_DIRECT_OBJC_ISA_USAGE = YES_ERROR;
				CLANG_WARN_DOCUMENTATION_COMMENTS = YES;
				CLANG_WARN_EMPTY_BODY = YES;
				CLANG_WARN_ENUM_CONVERSION = YES;
				CLANG_WARN_INFINITE_RECURSION = YES;
				CLANG_WARN_INT_CONVERSION = YES;
				CLANG_WARN_NON_LITERAL_NULL_CONVERSION = YES;
				CLANG_WARN_OBJC_IMPLICIT_RETAIN_SELF = YES;
				CLANG_WARN_OBJC_LITERAL_CONVERSION = YES;
				CLANG_WARN_OBJC_ROOT_CLASS = YES_ERROR;
				CLANG_WARN_QUOTED_INCLUDE_IN_FRAMEWORK_HEADER = YES;
				CLANG_WARN_RANGE_LOOP_ANALYSIS = YES;
				CLANG_WARN_STRICT_PROTOTYPES = YES;
				CLANG_WARN_SUSPICIOUS_MOVE = YES;
				CLANG_WARN_UNGUARDED_AVAILABILITY = YES_AGGRESSIVE;
				CLANG_WARN_UNREACHABLE_CODE = YES;
				CLANG_WARN__DUPLICATE_METHOD_MATCH = YES;
				COPY_PHASE_STRIP = NO;
				DEBUG_INFORMATION_FORMAT = dwarf;
				ENABLE_STRICT_OBJC_MSGSEND = YES;
				ENABLE_TESTABILITY = YES;
				ENABLE_USER_SCRIPT_SANDBOXING = YES;
				GCC_C_LANGUAGE_STANDARD = gnu17;
				GCC_DYNAMIC_NO_PIC = NO;
				GCC_NO_COMMON_BLOCKS = YES;
				GCC_OPTIMIZATION_LEVEL = 0;
				GCC_PREPROCESSOR_DEFINITIONS = (
					"DEBUG=1",
					"$(inherited)",
				);
				GCC_WARN_64_TO_32_BIT_CONVERSION = YES;
				GCC_WARN_ABOUT_RETURN_TYPE = YES_ERROR;
				GCC_WARN_UNDECLARED_SELECTOR = YES;
				GCC_WARN_UNINITIALIZED_AUTOS = YES_AGGRESSIVE;
				GCC_WARN_UNUSED_FUNCTION = YES;
				GCC_WARN_UNUSED_VARIABLE = YES;
				LOCALIZATION_PREFERS_STRING_CATALOGS = YES;
				MACOSX_DEPLOYMENT_TARGET = 14.2;
				MTL_ENABLE_DEBUG_INFO = INCLUDE_SOURCE;
				MTL_FAST_MATH = YES;
				ONLY_ACTIVE_ARCH = YES;
				SDKROOT = macosx;
			};
			name = Debug;
		};
		147BF1902BB8D3890020F0D8 /* Release */ = {
			isa = XCBuildConfiguration;
			buildSettings = {
				ALWAYS_SEARCH_USER_PATHS = NO;
				ASSETCATALOG_COMPILER_GENERATE_SWIFT_ASSET_SYMBOL_EXTENSIONS = YES;
				CLANG_ANALYZER_NONNULL = YES;
				CLANG_ANALYZER_NUMBER_OBJECT_CONVERSION = YES_AGGRESSIVE;
				CLANG_CXX_LANGUAGE_STANDARD = "gnu++20";
				CLANG_ENABLE_MODULES = YES;
				CLANG_ENABLE_OBJC_ARC = YES;
				CLANG_ENABLE_OBJC_WEAK = YES;
				CLANG_WARN_BLOCK_CAPTURE_AUTORELEASING = YES;
				CLANG_WARN_BOOL_CONVERSION = YES;
				CLANG_WARN_COMMA = YES;
				CLANG_WARN_CONSTANT_CONVERSION = YES;
				CLANG_WARN_DEPRECATED_OBJC_IMPLEMENTATIONS = YES;
				CLANG_WARN_DIRECT_OBJC_ISA_USAGE = YES_ERROR;
				CLANG_WARN_DOCUMENTATION_COMMENTS = YES;
				CLANG_WARN_EMPTY_BODY = YES;
				CLANG_WARN_ENUM_CONVERSION = YES;
				CLANG_WARN_INFINITE_RECURSION = YES;
				CLANG_WARN_INT_CONVERSION = YES;
				CLANG_WARN_NON_LITERAL_NULL_CONVERSION = YES;
				CLANG_WARN_OBJC_IMPLICIT_RETAIN_SELF = YES;
				CLANG_WARN_OBJC_LITERAL_CONVERSION = YES;
				CLANG_WARN_OBJC_ROOT_CLASS = YES_ERROR;
				CLANG_WARN_QUOTED_INCLUDE_IN_FRAMEWORK_HEADER = YES;
				CLANG_WARN_RANGE_LOOP_ANALYSIS = YES;
				CLANG_WARN_STRICT_PROTOTYPES = YES;
				CLANG_WARN_SUSPICIOUS_MOVE = YES;
				CLANG_WARN_UNGUARDED_AVAILABILITY = YES_AGGRESSIVE;
				CLANG_WARN_UNREACHABLE_CODE = YES;
				CLANG_WARN__DUPLICATE_METHOD_MATCH = YES;
				COPY_PHASE_STRIP = NO;
				DEBUG_INFORMATION_FORMAT = "dwarf-with-dsym";
				ENABLE_NS_ASSERTIONS = NO;
				ENABLE_STRICT_OBJC_MSGSEND = YES;
				ENABLE_USER_SCRIPT_SANDBOXING = YES;
				GCC_C_LANGUAGE_STANDARD = gnu17;
				GCC_NO_COMMON_BLOCKS = YES;
				GCC_WARN_64_TO_32_BIT_CONVERSION = YES;
				GCC_WARN_ABOUT_RETURN_TYPE = YES_ERROR;
				GCC_WARN_UNDECLARED_SELECTOR = YES;
				GCC_WARN_UNINITIALIZED_AUTOS = YES_AGGRESSIVE;
				GCC_WARN_UNUSED_FUNCTION = YES;
				GCC_WARN_UNUSED_VARIABLE = YES;
				LOCALIZATION_PREFERS_STRING_CATALOGS = YES;
				MACOSX_DEPLOYMENT_TARGET = 14.2;
				MTL_ENABLE_DEBUG_INFO = NO;
				MTL_FAST_MATH = YES;
				SDKROOT = macosx;
			};
			name = Release;
		};
		147BF1922BB8D3890020F0D8 /* Debug */ = {
			isa = XCBuildConfiguration;
			buildSettings = {
				CODE_SIGN_STYLE = Automatic;
				DEVELOPMENT_TEAM = 768T4SN737;
				ENABLE_HARDENED_RUNTIME = YES;
				PRODUCT_NAME = "$(TARGET_NAME)";
			};
			name = Debug;
		};
		147BF1932BB8D3890020F0D8 /* Release */ = {
			isa = XCBuildConfiguration;
			buildSettings = {
				CODE_SIGN_STYLE = Automatic;
				DEVELOPMENT_TEAM = 768T4SN737;
				ENABLE_HARDENED_RUNTIME = YES;
				PRODUCT_NAME = "$(TARGET_NAME)";
			};
			name = Release;
		};
/* End XCBuildConfiguration section */

/* Begin XCConfigurationList section */
		147BF1852BB8D3890020F0D8 /* Build configuration list for PBXProject "xib2coder" */ = {
			isa = XCConfigurationList;
			buildConfigurations = (
				147BF18F2BB8D3890020F0D8 /* Debug */,
				147BF1902BB8D3890020F0D8 /* Release */,
			);
			defaultConfigurationIsVisible = 0;
			defaultConfigurationName = Release;
		};
		147BF1912BB8D3890020F0D8 /* Build configuration list for PBXNativeTarget "xib2coder" */ = {
			isa = XCConfigurationList;
			buildConfigurations = (
				147BF1922BB8D3890020F0D8 /* Debug */,
				147BF1932BB8D3890020F0D8 /* Release */,
			);
			defaultConfigurationIsVisible = 0;
			defaultConfigurationName = Release;
		};
/* End XCConfigurationList section */
	};
	rootObject = 147BF1822BB8D3890020F0D8 /* Project object */;
}
